{
  "name": "byte-serializer",
  "version": "0.0.3",
  "lockfileVersion": 1,
  "requires": true,
  "dependencies": {
    "@types/node": {
      "version": "8.0.34",
      "resolved": "https://registry.npmjs.org/@types/node/-/node-8.0.34.tgz",
      "integrity": "sha512-Jnmm57+nHqvJUPwUzt1CLoLzFtF2B2vgG7cWFut+a4nqTp9/L6pL0N+o0Jt3V7AQnCKMsPEqQpLFZYleBCdq3w==",
      "dev": true
    }
  }
}
